
Microsoft Visual Studio Solution File, Format Version 12.00
# Visual Studio 14
VisualStudioVersion = 14.0.25420.1
MinimumVisualStudioVersion = 10.0.40219.1
Project("{FAE04EC0-301F-11D3-BF4B-00C04F79EFBC}") = "bs-codechallenge", "bs-codechallenge\bs-codechallenge.csproj", "{B42AD4A9-0740-4C15-875B-C5FE4AC6F589}"
EndProject
Project("{FAE04EC0-301F-11D3-BF4B-00C04F79EFBC}") = "bs-codechallenge-tests", "bs-codechallenge-tests\bs-codechallenge-tests.csproj", "{29481F9C-0323-4AB2-8C8A-4845BC44E275}"
EndProject
Global
	GlobalSection(SolutionConfigurationPlatforms) = preSolution
		Debug|Any CPU = Debug|Any CPU
		Release|Any CPU = Release|Any CPU
	EndGlobalSection
	GlobalSection(ProjectConfigurationPlatforms) = postSolution
		{B42AD4A9-0740-4C15-875B-C5FE4AC6F589}.Debug|Any CPU.ActiveCfg = Debug|Any CPU
		{B42AD4A9-0740-4C15-875B-C5FE4AC6F589}.Debug|Any CPU.Build.0 = Debug|Any CPU
		{B42AD4A9-0740-4C15-875B-C5FE4AC6F589}.Release|Any CPU.ActiveCfg = Release|Any CPU
		{B42AD4A9-0740-4C15-875B-C5FE4AC6F589}.Release|Any CPU.Build.0 = Release|Any CPU
		{29481F9C-0323-4AB2-8C8A-4845BC44E275}.Debug|Any CPU.ActiveCfg = Debug|Any CPU
		{29481F9C-0323-4AB2-8C8A-4845BC44E275}.Debug|Any CPU.Build.0 = Debug|Any CPU
		{29481F9C-0323-4AB2-8C8A-4845BC44E275}.Release|Any CPU.ActiveCfg = Release|Any CPU
		{29481F9C-0323-4AB2-8C8A-4845BC44E275}.Release|Any CPU.Build.0 = Release|Any CPU
	EndGlobalSection
	GlobalSection(SolutionProperties) = preSolution
		HideSolutionNode = FALSE
	EndGlobalSection
EndGlobal
